
Microsoft Visual Studio Solution File, Format Version 12.00
# Visual Studio Version 17
VisualStudioVersion = 17.1.32228.430
MinimumVisualStudioVersion = 10.0.40219.1
Project("{FAE04EC0-301F-11D3-BF4B-00C04F79EFBC}") = "ConsoleApp19", "ConsoleApp19\ConsoleApp19.csproj", "{7CAB1C14-CE51-4CCC-B67C-B75FC44658EC}"
EndProject
Global
	GlobalSection(SolutionConfigurationPlatforms) = preSolution
		Debug|Any CPU = Debug|Any CPU
		Release|Any CPU = Release|Any CPU
	EndGlobalSection
	GlobalSection(ProjectConfigurationPlatforms) = postSolution
		{7CAB1C14-CE51-4CCC-B67C-B75FC44658EC}.Debug|Any CPU.ActiveCfg = Debug|Any CPU
		{7CAB1C14-CE51-4CCC-B67C-B75FC44658EC}.Debug|Any CPU.Build.0 = Debug|Any CPU
		{7CAB1C14-CE51-4CCC-B67C-B75FC44658EC}.Release|Any CPU.ActiveCfg = Release|Any CPU
		{7CAB1C14-CE51-4CCC-B67C-B75FC44658EC}.Release|Any CPU.Build.0 = Release|Any CPU
	EndGlobalSection
	GlobalSection(SolutionProperties) = preSolution
		HideSolutionNode = FALSE
	EndGlobalSection
	GlobalSection(ExtensibilityGlobals) = postSolution
		SolutionGuid = {75384932-7974-4F45-9122-D121EA5E2C32}
	EndGlobalSection
EndGlobal
