
Microsoft Visual Studio Solution File, Format Version 12.00
# Visual Studio Version 17
VisualStudioVersion = 17.1.32228.430
MinimumVisualStudioVersion = 10.0.40219.1
Project("{FAE04EC0-301F-11D3-BF4B-00C04F79EFBC}") = "ConsoleApp18", "ConsoleApp18\ConsoleApp18.csproj", "{2B563374-85A0-4BB2-B073-8681F5B86BBB}"
EndProject
Global
	GlobalSection(SolutionConfigurationPlatforms) = preSolution
		Debug|Any CPU = Debug|Any CPU
		Release|Any CPU = Release|Any CPU
	EndGlobalSection
	GlobalSection(ProjectConfigurationPlatforms) = postSolution
		{2B563374-85A0-4BB2-B073-8681F5B86BBB}.Debug|Any CPU.ActiveCfg = Debug|Any CPU
		{2B563374-85A0-4BB2-B073-8681F5B86BBB}.Debug|Any CPU.Build.0 = Debug|Any CPU
		{2B563374-85A0-4BB2-B073-8681F5B86BBB}.Release|Any CPU.ActiveCfg = Release|Any CPU
		{2B563374-85A0-4BB2-B073-8681F5B86BBB}.Release|Any CPU.Build.0 = Release|Any CPU
	EndGlobalSection
	GlobalSection(SolutionProperties) = preSolution
		HideSolutionNode = FALSE
	EndGlobalSection
	GlobalSection(ExtensibilityGlobals) = postSolution
		SolutionGuid = {7BC93831-733C-4B16-83DB-2CDAAF04358C}
	EndGlobalSection
EndGlobal
