
Microsoft Visual Studio Solution File, Format Version 12.00
# Visual Studio Version 17
VisualStudioVersion = 17.1.32228.430
MinimumVisualStudioVersion = 10.0.40219.1
Project("{FAE04EC0-301F-11D3-BF4B-00C04F79EFBC}") = "ConsoleApp50", "ConsoleApp50\ConsoleApp50.csproj", "{9FE33CCA-50B0-44B8-A49B-F04B07F207B6}"
EndProject
Global
	GlobalSection(SolutionConfigurationPlatforms) = preSolution
		Debug|Any CPU = Debug|Any CPU
		Release|Any CPU = Release|Any CPU
	EndGlobalSection
	GlobalSection(ProjectConfigurationPlatforms) = postSolution
		{9FE33CCA-50B0-44B8-A49B-F04B07F207B6}.Debug|Any CPU.ActiveCfg = Debug|Any CPU
		{9FE33CCA-50B0-44B8-A49B-F04B07F207B6}.Debug|Any CPU.Build.0 = Debug|Any CPU
		{9FE33CCA-50B0-44B8-A49B-F04B07F207B6}.Release|Any CPU.ActiveCfg = Release|Any CPU
		{9FE33CCA-50B0-44B8-A49B-F04B07F207B6}.Release|Any CPU.Build.0 = Release|Any CPU
	EndGlobalSection
	GlobalSection(SolutionProperties) = preSolution
		HideSolutionNode = FALSE
	EndGlobalSection
	GlobalSection(ExtensibilityGlobals) = postSolution
		SolutionGuid = {064B43AA-5BE0-451A-BA64-00485F5D43BD}
	EndGlobalSection
EndGlobal
